
Microsoft Visual Studio Solution File, Format Version 12.00
# Visual Studio Version 17
VisualStudioVersion = 17.0.31903.59
MinimumVisualStudioVersion = 10.0.40219.1
Project("{2150E333-8FDC-42A3-9474-1A3956D46DE8}") = "src", "src", "{AFAD6ED9-FB87-4C32-8A3F-0D66AFB6DC7C}"
EndProject
Project("{2150E333-8FDC-42A3-9474-1A3956D46DE8}") = "tests", "tests", "{FBA4F90E-D62B-4148-AD67-111DD716D4FD}"
EndProject
Project("{2150E333-8FDC-42A3-9474-1A3956D46DE8}") = "solution items", "solution items", "{7139A0EA-233A-4AB2-A6D8-6529B48065EB}"
	ProjectSection(SolutionItems) = preProject
		README.md = README.md
	EndProjectSection
EndProject
Project("{9A19103F-16F7-4668-BE54-9A1E7A4F7556}") = "InLogic.Tests", "tests\InLogic.Tests\InLogic.Tests.csproj", "{4849A3E8-74ED-495F-BE54-A82F87E4518D}"
EndProject
Project("{2150E333-8FDC-42A3-9474-1A3956D46DE8}") = "1. Common", "1. Common", "{2F9E71D7-883E-4F11-B8DC-FA3FE8658D5B}"
EndProject
Project("{2150E333-8FDC-42A3-9474-1A3956D46DE8}") = "2. Core", "2. Core", "{737E9872-1D5F-4B14-879A-8C3D04DF1BA2}"
EndProject
Project("{2150E333-8FDC-42A3-9474-1A3956D46DE8}") = "4. Presentation", "4. Presentation", "{BABB7C33-1414-4B10-AE98-13412680DCCD}"
EndProject
Project("{9A19103F-16F7-4668-BE54-9A1E7A4F7556}") = "InLogic.Common", "src\InLogic.Common\InLogic.Common.csproj", "{0C38F236-9A25-44AF-9CD0-7009B65EFDFB}"
EndProject
Project("{9A19103F-16F7-4668-BE54-9A1E7A4F7556}") = "InLogic.WebApi", "src\InLogic.WebApi\InLogic.WebApi.csproj", "{F0F8CFAE-E981-41FF-8602-EE394B76B2D1}"
EndProject
Project("{9A19103F-16F7-4668-BE54-9A1E7A4F7556}") = "InLogic.Dependency", "src\InLogic.Dependency\InLogic.Dependency.csproj", "{9C866F6C-C667-488A-8B9C-0279E11A12D0}"
EndProject
Project("{9A19103F-16F7-4668-BE54-9A1E7A4F7556}") = "InLogic.Application", "src\InLogic.Application\InLogic.Application.csproj", "{98A79C2F-80C2-4E9B-85AE-C4E476E1FA82}"
EndProject
Project("{9A19103F-16F7-4668-BE54-9A1E7A4F7556}") = "InLogic.Data", "src\InLogic.Data\InLogic.Data.csproj", "{6921B368-CB95-4BC2-A631-7D257DFF6C5B}"
EndProject
Project("{54A90642-561A-4BB1-A94E-469ADEE60C69}") = "InLogic.Web", "src\InLogic.Web\InLogic.Web.esproj", "{E1C8854C-A216-422C-B997-E0317C934CC4}"
EndProject
Project("{2150E333-8FDC-42A3-9474-1A3956D46DE8}") = "3. Application", "3. Application", "{7952E0C8-6062-4CF1-BA8F-C68EA508ACCC}"
EndProject
Global
	GlobalSection(SolutionConfigurationPlatforms) = preSolution
		Debug|Any CPU = Debug|Any CPU
		Release|Any CPU = Release|Any CPU
	EndGlobalSection
	GlobalSection(ProjectConfigurationPlatforms) = postSolution
		{4849A3E8-74ED-495F-BE54-A82F87E4518D}.Debug|Any CPU.ActiveCfg = Debug|Any CPU
		{4849A3E8-74ED-495F-BE54-A82F87E4518D}.Debug|Any CPU.Build.0 = Debug|Any CPU
		{4849A3E8-74ED-495F-BE54-A82F87E4518D}.Release|Any CPU.ActiveCfg = Release|Any CPU
		{4849A3E8-74ED-495F-BE54-A82F87E4518D}.Release|Any CPU.Build.0 = Release|Any CPU
		{0C38F236-9A25-44AF-9CD0-7009B65EFDFB}.Debug|Any CPU.ActiveCfg = Debug|Any CPU
		{0C38F236-9A25-44AF-9CD0-7009B65EFDFB}.Debug|Any CPU.Build.0 = Debug|Any CPU
		{0C38F236-9A25-44AF-9CD0-7009B65EFDFB}.Release|Any CPU.ActiveCfg = Release|Any CPU
		{0C38F236-9A25-44AF-9CD0-7009B65EFDFB}.Release|Any CPU.Build.0 = Release|Any CPU
		{F0F8CFAE-E981-41FF-8602-EE394B76B2D1}.Debug|Any CPU.ActiveCfg = Debug|Any CPU
		{F0F8CFAE-E981-41FF-8602-EE394B76B2D1}.Debug|Any CPU.Build.0 = Debug|Any CPU
		{F0F8CFAE-E981-41FF-8602-EE394B76B2D1}.Release|Any CPU.ActiveCfg = Release|Any CPU
		{F0F8CFAE-E981-41FF-8602-EE394B76B2D1}.Release|Any CPU.Build.0 = Release|Any CPU
		{9C866F6C-C667-488A-8B9C-0279E11A12D0}.Debug|Any CPU.ActiveCfg = Debug|Any CPU
		{9C866F6C-C667-488A-8B9C-0279E11A12D0}.Debug|Any CPU.Build.0 = Debug|Any CPU
		{9C866F6C-C667-488A-8B9C-0279E11A12D0}.Release|Any CPU.ActiveCfg = Release|Any CPU
		{9C866F6C-C667-488A-8B9C-0279E11A12D0}.Release|Any CPU.Build.0 = Release|Any CPU
		{98A79C2F-80C2-4E9B-85AE-C4E476E1FA82}.Debug|Any CPU.ActiveCfg = Debug|Any CPU
		{98A79C2F-80C2-4E9B-85AE-C4E476E1FA82}.Debug|Any CPU.Build.0 = Debug|Any CPU
		{98A79C2F-80C2-4E9B-85AE-C4E476E1FA82}.Release|Any CPU.ActiveCfg = Release|Any CPU
		{98A79C2F-80C2-4E9B-85AE-C4E476E1FA82}.Release|Any CPU.Build.0 = Release|Any CPU
		{6921B368-CB95-4BC2-A631-7D257DFF6C5B}.Debug|Any CPU.ActiveCfg = Debug|Any CPU
		{6921B368-CB95-4BC2-A631-7D257DFF6C5B}.Debug|Any CPU.Build.0 = Debug|Any CPU
		{6921B368-CB95-4BC2-A631-7D257DFF6C5B}.Release|Any CPU.ActiveCfg = Release|Any CPU
		{6921B368-CB95-4BC2-A631-7D257DFF6C5B}.Release|Any CPU.Build.0 = Release|Any CPU
		{E1C8854C-A216-422C-B997-E0317C934CC4}.Debug|Any CPU.ActiveCfg = Debug|Any CPU
		{E1C8854C-A216-422C-B997-E0317C934CC4}.Debug|Any CPU.Build.0 = Debug|Any CPU
		{E1C8854C-A216-422C-B997-E0317C934CC4}.Debug|Any CPU.Deploy.0 = Debug|Any CPU
		{E1C8854C-A216-422C-B997-E0317C934CC4}.Release|Any CPU.ActiveCfg = Release|Any CPU
		{E1C8854C-A216-422C-B997-E0317C934CC4}.Release|Any CPU.Build.0 = Release|Any CPU
		{E1C8854C-A216-422C-B997-E0317C934CC4}.Release|Any CPU.Deploy.0 = Release|Any CPU
	EndGlobalSection
	GlobalSection(SolutionProperties) = preSolution
		HideSolutionNode = FALSE
	EndGlobalSection
	GlobalSection(NestedProjects) = preSolution
		{4849A3E8-74ED-495F-BE54-A82F87E4518D} = {FBA4F90E-D62B-4148-AD67-111DD716D4FD}
		{2F9E71D7-883E-4F11-B8DC-FA3FE8658D5B} = {AFAD6ED9-FB87-4C32-8A3F-0D66AFB6DC7C}
		{737E9872-1D5F-4B14-879A-8C3D04DF1BA2} = {AFAD6ED9-FB87-4C32-8A3F-0D66AFB6DC7C}
		{BABB7C33-1414-4B10-AE98-13412680DCCD} = {AFAD6ED9-FB87-4C32-8A3F-0D66AFB6DC7C}
		{0C38F236-9A25-44AF-9CD0-7009B65EFDFB} = {2F9E71D7-883E-4F11-B8DC-FA3FE8658D5B}
		{F0F8CFAE-E981-41FF-8602-EE394B76B2D1} = {BABB7C33-1414-4B10-AE98-13412680DCCD}
		{9C866F6C-C667-488A-8B9C-0279E11A12D0} = {BABB7C33-1414-4B10-AE98-13412680DCCD}
		{98A79C2F-80C2-4E9B-85AE-C4E476E1FA82} = {7952E0C8-6062-4CF1-BA8F-C68EA508ACCC}
		{6921B368-CB95-4BC2-A631-7D257DFF6C5B} = {737E9872-1D5F-4B14-879A-8C3D04DF1BA2}
		{E1C8854C-A216-422C-B997-E0317C934CC4} = {BABB7C33-1414-4B10-AE98-13412680DCCD}
		{7952E0C8-6062-4CF1-BA8F-C68EA508ACCC} = {AFAD6ED9-FB87-4C32-8A3F-0D66AFB6DC7C}
	EndGlobalSection
	GlobalSection(ExtensibilityGlobals) = postSolution
		SolutionGuid = {6A84D0A3-61F2-4715-82AC-A878614E2BBC}
	EndGlobalSection
EndGlobal
